// !$*UTF8*$!
{
	archiveVersion = 1;
	classes = {
	};
	objectVersion = 56;
	objects = {

/* Begin PBXBuildFile section */
		FB597D0529D30593006F283D /* AppDelegate.swift in Sources */ = {isa = PBXBuildFile; fileRef = FB597D0429D30593006F283D /* AppDelegate.swift */; };
		FB597D0729D30593006F283D /* SceneDelegate.swift in Sources */ = {isa = PBXBuildFile; fileRef = FB597D0629D30593006F283D /* SceneDelegate.swift */; };
		FB597D0929D30593006F283D /* ViewController.swift in Sources */ = {isa = PBXBuildFile; fileRef = FB597D0829D30593006F283D /* ViewController.swift */; };
		FB597D0C29D30593006F283D /* Main.storyboard in Resources */ = {isa = PBXBuildFile; fileRef = FB597D0A29D30593006F283D /* Main.storyboard */; };
		FB597D0F29D30593006F283D /* PracticeRxSwift.xcdatamodeld in Sources */ = {isa = PBXBuildFile; fileRef = FB597D0D29D30593006F283D /* PracticeRxSwift.xcdatamodeld */; };
		FB597D1129D30594006F283D /* Assets.xcassets in Resources */ = {isa = PBXBuildFile; fileRef = FB597D1029D30594006F283D /* Assets.xcassets */; };
		FB597D1429D30594006F283D /* LaunchScreen.storyboard in Resources */ = {isa = PBXBuildFile; fileRef = FB597D1229D30594006F283D /* LaunchScreen.storyboard */; };
		FB597D2429D305D7006F283D /* RxCocoa in Frameworks */ = {isa = PBXBuildFile; productRef = FB597D2329D305D7006F283D /* RxCocoa */; };
		FB597D2629D305D7006F283D /* RxSwift in Frameworks */ = {isa = PBXBuildFile; productRef = FB597D2529D305D7006F283D /* RxSwift */; };
/* End PBXBuildFile section */

/* Begin PBXFileReference section */
		FB597D0129D30593006F283D /* PracticeRxSwift.app */ = {isa = PBXFileReference; explicitFileType = wrapper.application; includeInIndex = 0; path = PracticeRxSwift.app; sourceTree = BUILT_PRODUCTS_DIR; };
		FB597D0429D30593006F283D /* AppDelegate.swift */ = {isa = PBXFileReference; lastKnownFileType = sourcecode.swift; path = AppDelegate.swift; sourceTree = "<group>"; };
		FB597D0629D30593006F283D /* SceneDelegate.swift */ = {isa = PBXFileReference; lastKnownFileType = sourcecode.swift; path = SceneDelegate.swift; sourceTree = "<group>"; };
		FB597D0829D30593006F283D /* ViewController.swift */ = {isa = PBXFileReference; lastKnownFileType = sourcecode.swift; path = ViewController.swift; sourceTree = "<group>"; };
		FB597D0B29D30593006F283D /* Base */ = {isa = PBXFileReference; lastKnownFileType = file.storyboard; name = Base; path = Base.lproj/Main.storyboard; sourceTree = "<group>"; };
		FB597D0E29D30593006F283D /* PracticeRxSwift.xcdatamodel */ = {isa = PBXFileReference; lastKnownFileType = wrapper.xcdatamodel; path = PracticeRxSwift.xcdatamodel; sourceTree = "<group>"; };
		FB597D1029D30594006F283D /* Assets.xcassets */ = {isa = PBXFileReference; lastKnownFileType = folder.assetcatalog; path = Assets.xcassets; sourceTree = "<group>"; };
		FB597D1329D30594006F283D /* Base */ = {isa = PBXFileReference; lastKnownFileType = file.storyboard; name = Base; path = Base.lproj/LaunchScreen.storyboard; sourceTree = "<group>"; };
		FB597D1529D30594006F283D /* Info.plist */ = {isa = PBXFileReference; lastKnownFileType = text.plist.xml; path = Info.plist; sourceTree = "<group>"; };
		FB597D2729D3061C006F283D /* Observable.playground */ = {isa = PBXFileReference; lastKnownFileType = file.playground; path = Observable.playground; sourceTree = "<group>"; xcLanguageSpecificationIdentifier = xcode.lang.swift; };
		FB597D2829D3063B006F283D /* Traits.playground */ = {isa = PBXFileReference; lastKnownFileType = file.playground; path = Traits.playground; sourceTree = "<group>"; xcLanguageSpecificationIdentifier = xcode.lang.swift; };
		FB597D2929D30652006F283D /* Subject.playground */ = {isa = PBXFileReference; lastKnownFileType = file.playground; path = Subject.playground; sourceTree = "<group>"; xcLanguageSpecificationIdentifier = xcode.lang.swift; };
		FB597D2A29D3066A006F283D /* FilteringOperators.playground */ = {isa = PBXFileReference; lastKnownFileType = file.playground; path = FilteringOperators.playground; sourceTree = "<group>"; xcLanguageSpecificationIdentifier = xcode.lang.swift; };
		FB597D2B29D3067F006F283D /* TransformingOperator.playground */ = {isa = PBXFileReference; lastKnownFileType = file.playground; path = TransformingOperator.playground; sourceTree = "<group>"; xcLanguageSpecificationIdentifier = xcode.lang.swift; };
		FB597D2C29D30699006F283D /* CombiningOperator.playground */ = {isa = PBXFileReference; lastKnownFileType = file.playground; path = CombiningOperator.playground; sourceTree = "<group>"; xcLanguageSpecificationIdentifier = xcode.lang.swift; };
		FB597D2D29D306AC006F283D /* TimeBasedOperator.playground */ = {isa = PBXFileReference; lastKnownFileType = file.playground; path = TimeBasedOperator.playground; sourceTree = "<group>"; xcLanguageSpecificationIdentifier = xcode.lang.swift; };
/* End PBXFileReference section */

/* Begin PBXFrameworksBuildPhase section */
		FB597CFE29D30593006F283D /* Frameworks */ = {
			isa = PBXFrameworksBuildPhase;
			buildActionMask = 2147483647;
			files = (
				FB597D2629D305D7006F283D /* RxSwift in Frameworks */,
				FB597D2429D305D7006F283D /* RxCocoa in Frameworks */,
			);
			runOnlyForDeploymentPostprocessing = 0;
		};
/* End PBXFrameworksBuildPhase section */

/* Begin PBXGroup section */
		FB597CF829D30593006F283D = {
			isa = PBXGroup;
			children = (
				FB597D2729D3061C006F283D /* Observable.playground */,
				FB597D2829D3063B006F283D /* Traits.playground */,
				FB597D2929D30652006F283D /* Subject.playground */,
				FB597D2A29D3066A006F283D /* FilteringOperators.playground */,
				FB597D2B29D3067F006F283D /* TransformingOperator.playground */,
				FB597D2C29D30699006F283D /* CombiningOperator.playground */,
				FB597D2D29D306AC006F283D /* TimeBasedOperator.playground */,
				FB597D0329D30593006F283D /* PracticeRxSwift */,
				FB597D0229D30593006F283D /* Products */,
			);
			sourceTree = "<group>";
		};
		FB597D0229D30593006F283D /* Products */ = {
			isa = PBXGroup;
			children = (
				FB597D0129D30593006F283D /* PracticeRxSwift.app */,
			);
			name = Products;
			sourceTree = "<group>";
		};
		FB597D0329D30593006F283D /* PracticeRxSwift */ = {
			isa = PBXGroup;
			children = (
				FB597D0429D30593006F283D /* AppDelegate.swift */,
				FB597D0629D30593006F283D /* SceneDelegate.swift */,
				FB597D0829D30593006F283D /* ViewController.swift */,
				FB597D0A29D30593006F283D /* Main.storyboard */,
				FB597D1029D30594006F283D /* Assets.xcassets */,
				FB597D1229D30594006F283D /* LaunchScreen.storyboard */,
				FB597D1529D30594006F283D /* Info.plist */,
				FB597D0D29D30593006F283D /* PracticeRxSwift.xcdatamodeld */,
			);
			path = PracticeRxSwift;
			sourceTree = "<group>";
		};
/* End PBXGroup section */

/* Begin PBXNativeTarget section */
		FB597D0029D30593006F283D /* PracticeRxSwift */ = {
			isa = PBXNativeTarget;
			buildConfigurationList = FB597D1829D30594006F283D /* Build configuration list for PBXNativeTarget "PracticeRxSwift" */;
			buildPhases = (
				FB597CFD29D30593006F283D /* Sources */,
				FB597CFE29D30593006F283D /* Frameworks */,
				FB597CFF29D30593006F283D /* Resources */,
			);
			buildRules = (
			);
			dependencies = (
			);
			name = PracticeRxSwift;
			packageProductDependencies = (
				FB597D2329D305D7006F283D /* RxCocoa */,
				FB597D2529D305D7006F283D /* RxSwift */,
			);
			productName = PracticeRxSwift;
			productReference = FB597D0129D30593006F283D /* PracticeRxSwift.app */;
			productType = "com.apple.product-type.application";
		};
/* End PBXNativeTarget section */

/* Begin PBXProject section */
		FB597CF929D30593006F283D /* Project object */ = {
			isa = PBXProject;
			attributes = {
				BuildIndependentTargetsInParallel = 1;
				LastSwiftUpdateCheck = 1420;
				LastUpgradeCheck = 1420;
				TargetAttributes = {
					FB597D0029D30593006F283D = {
						CreatedOnToolsVersion = 14.2;
					};
				};
			};
			buildConfigurationList = FB597CFC29D30593006F283D /* Build configuration list for PBXProject "PracticeRxSwift" */;
			compatibilityVersion = "Xcode 14.0";
			developmentRegion = en;
			hasScannedForEncodings = 0;
			knownRegions = (
				en,
				Base,
			);
			mainGroup = FB597CF829D30593006F283D;
			packageReferences = (
				FB597D2229D305D7006F283D /* XCRemoteSwiftPackageReference "RxSwift" */,
			);
			productRefGroup = FB597D0229D30593006F283D /* Products */;
			projectDirPath = "";
			projectRoot = "";
			targets = (
				FB597D0029D30593006F283D /* PracticeRxSwift */,
			);
		};
/* End PBXProject section */

/* Begin PBXResourcesBuildPhase section */
		FB597CFF29D30593006F283D /* Resources */ = {
			isa = PBXResourcesBuildPhase;
			buildActionMask = 2147483647;
			files = (
				FB597D1429D30594006F283D /* LaunchScreen.storyboard in Resources */,
				FB597D1129D30594006F283D /* Assets.xcassets in Resources */,
				FB597D0C29D30593006F283D /* Main.storyboard in Resources */,
			);
			runOnlyForDeploymentPostprocessing = 0;
		};
/* End PBXResourcesBuildPhase section */

/* Begin PBXSourcesBuildPhase section */
		FB597CFD29D30593006F283D /* Sources */ = {
			isa = PBXSourcesBuildPhase;
			buildActionMask = 2147483647;
			files = (
				FB597D0929D30593006F283D /* ViewController.swift in Sources */,
				FB597D0529D30593006F283D /* AppDelegate.swift in Sources */,
				FB597D0F29D30593006F283D /* PracticeRxSwift.xcdatamodeld in Sources */,
				FB597D0729D30593006F283D /* SceneDelegate.swift in Sources */,
			);
			runOnlyForDeploymentPostprocessing = 0;
		};
/* End PBXSourcesBuildPhase section */

/* Begin PBXVariantGroup section */
		FB597D0A29D30593006F283D /* Main.storyboard */ = {
			isa = PBXVariantGroup;
			children = (
				FB597D0B29D30593006F283D /* Base */,
			);
			name = Main.storyboard;
			sourceTree = "<group>";
		};
		FB597D1229D30594006F283D /* LaunchScreen.storyboard */ = {
			isa = PBXVariantGroup;
			children = (
				FB597D1329D30594006F283D /* Base */,
			);
			name = LaunchScreen.storyboard;
			sourceTree = "<group>";
		};
/* End PBXVariantGroup section */

/* Begin XCBuildConfiguration section */
		FB597D1629D30594006F283D /* Debug */ = {
			isa = XCBuildConfiguration;
			buildSettings = {
				ALWAYS_SEARCH_USER_PATHS = NO;
				CLANG_ANALYZER_NONNULL = YES;
				CLANG_ANALYZER_NUMBER_OBJECT_CONVERSION = YES_AGGRESSIVE;
				CLANG_CXX_LANGUAGE_STANDARD = "gnu++20";
				CLANG_ENABLE_MODULES = YES;
				CLANG_ENABLE_OBJC_ARC = YES;
				CLANG_ENABLE_OBJC_WEAK = YES;
				CLANG_WARN_BLOCK_CAPTURE_AUTORELEASING = YES;
				CLANG_WARN_BOOL_CONVERSION = YES;
				CLANG_WARN_COMMA = YES;
				CLANG_WARN_CONSTANT_CONVERSION = YES;
				CLANG_WARN_DEPRECATED_OBJC_IMPLEMENTATIONS = YES;
				CLANG_WARN_DIRECT_OBJC_ISA_USAGE = YES_ERROR;
				CLANG_WARN_DOCUMENTATION_COMMENTS = YES;
				CLANG_WARN_EMPTY_BODY = YES;
				CLANG_WARN_ENUM_CONVERSION = YES;
				CLANG_WARN_INFINITE_RECURSION = YES;
				CLANG_WARN_INT_CONVERSION = YES;
				CLANG_WARN_NON_LITERAL_NULL_CONVERSION = YES;
				CLANG_WARN_OBJC_IMPLICIT_RETAIN_SELF = YES;
				CLANG_WARN_OBJC_LITERAL_CONVERSION = YES;
				CLANG_WARN_OBJC_ROOT_CLASS = YES_ERROR;
				CLANG_WARN_QUOTED_INCLUDE_IN_FRAMEWORK_HEADER = YES;
				CLANG_WARN_RANGE_LOOP_ANALYSIS = YES;
				CLANG_WARN_STRICT_PROTOTYPES = YES;
				CLANG_WARN_SUSPICIOUS_MOVE = YES;
				CLANG_WARN_UNGUARDED_AVAILABILITY = YES_AGGRESSIVE;
				CLANG_WARN_UNREACHABLE_CODE = YES;
				CLANG_WARN__DUPLICATE_METHOD_MATCH = YES;
				COPY_PHASE_STRIP = NO;
				DEBUG_INFORMATION_FORMAT = dwarf;
				ENABLE_STRICT_OBJC_MSGSEND = YES;
				ENABLE_TESTABILITY = YES;
				GCC_C_LANGUAGE_STANDARD = gnu11;
				GCC_DYNAMIC_NO_PIC = NO;
				GCC_NO_COMMON_BLOCKS = YES;
				GCC_OPTIMIZATION_LEVEL = 0;
				GCC_PREPROCESSOR_DEFINITIONS = (
					"DEBUG=1",
					"$(inherited)",
				);
				GCC_WARN_64_TO_32_BIT_CONVERSION = YES;
				GCC_WARN_ABOUT_RETURN_TYPE = YES_ERROR;
				GCC_WARN_UNDECLARED_SELECTOR = YES;
				GCC_WARN_UNINITIALIZED_AUTOS = YES_AGGRESSIVE;
				GCC_WARN_UNUSED_FUNCTION = YES;
				GCC_WARN_UNUSED_VARIABLE = YES;
				IPHONEOS_DEPLOYMENT_TARGET = 16.2;
				MTL_ENABLE_DEBUG_INFO = INCLUDE_SOURCE;
				MTL_FAST_MATH = YES;
				ONLY_ACTIVE_ARCH = YES;
				SDKROOT = iphoneos;
				SWIFT_ACTIVE_COMPILATION_CONDITIONS = DEBUG;
				SWIFT_OPTIMIZATION_LEVEL = "-Onone";
			};
			name = Debug;
		};
		FB597D1729D30594006F283D /* Release */ = {
			isa = XCBuildConfiguration;
			buildSettings = {
				ALWAYS_SEARCH_USER_PATHS = NO;
				CLANG_ANALYZER_NONNULL = YES;
				CLANG_ANALYZER_NUMBER_OBJECT_CONVERSION = YES_AGGRESSIVE;
				CLANG_CXX_LANGUAGE_STANDARD = "gnu++20";
				CLANG_ENABLE_MODULES = YES;
				CLANG_ENABLE_OBJC_ARC = YES;
				CLANG_ENABLE_OBJC_WEAK = YES;
				CLANG_WARN_BLOCK_CAPTURE_AUTORELEASING = YES;
				CLANG_WARN_BOOL_CONVERSION = YES;
				CLANG_WARN_COMMA = YES;
				CLANG_WARN_CONSTANT_CONVERSION = YES;
				CLANG_WARN_DEPRECATED_OBJC_IMPLEMENTATIONS = YES;
				CLANG_WARN_DIRECT_OBJC_ISA_USAGE = YES_ERROR;
				CLANG_WARN_DOCUMENTATION_COMMENTS = YES;
				CLANG_WARN_EMPTY_BODY = YES;
				CLANG_WARN_ENUM_CONVERSION = YES;
				CLANG_WARN_INFINITE_RECURSION = YES;
				CLANG_WARN_INT_CONVERSION = YES;
				CLANG_WARN_NON_LITERAL_NULL_CONVERSION = YES;
				CLANG_WARN_OBJC_IMPLICIT_RETAIN_SELF = YES;
				CLANG_WARN_OBJC_LITERAL_CONVERSION = YES;
				CLANG_WARN_OBJC_ROOT_CLASS = YES_ERROR;
				CLANG_WARN_QUOTED_INCLUDE_IN_FRAMEWORK_HEADER = YES;
				CLANG_WARN_RANGE_LOOP_ANALYSIS = YES;
				CLANG_WARN_STRICT_PROTOTYPES = YES;
				CLANG_WARN_SUSPICIOUS_MOVE = YES;
				CLANG_WARN_UNGUARDED_AVAILABILITY = YES_AGGRESSIVE;
				CLANG_WARN_UNREACHABLE_CODE = YES;
				CLANG_WARN__DUPLICATE_METHOD_MATCH = YES;
				COPY_PHASE_STRIP = NO;
				DEBUG_INFORMATION_FORMAT = "dwarf-with-dsym";
				ENABLE_NS_ASSERTIONS = NO;
				ENABLE_STRICT_OBJC_MSGSEND = YES;
				GCC_C_LANGUAGE_STANDARD = gnu11;
				GCC_NO_COMMON_BLOCKS = YES;
				GCC_WARN_64_TO_32_BIT_CONVERSION = YES;
				GCC_WARN_ABOUT_RETURN_TYPE = YES_ERROR;
				GCC_WARN_UNDECLARED_SELECTOR = YES;
				GCC_WARN_UNINITIALIZED_AUTOS = YES_AGGRESSIVE;
				GCC_WARN_UNUSED_FUNCTION = YES;
				GCC_WARN_UNUSED_VARIABLE = YES;
				IPHONEOS_DEPLOYMENT_TARGET = 16.2;
				MTL_ENABLE_DEBUG_INFO = NO;
				MTL_FAST_MATH = YES;
				SDKROOT = iphoneos;
				SWIFT_COMPILATION_MODE = wholemodule;
				SWIFT_OPTIMIZATION_LEVEL = "-O";
				VALIDATE_PRODUCT = YES;
			};
			name = Release;
		};
		FB597D1929D30594006F283D /* Debug */ = {
			isa = XCBuildConfiguration;
			buildSettings = {
				ASSETCATALOG_COMPILER_APPICON_NAME = AppIcon;
				ASSETCATALOG_COMPILER_GLOBAL_ACCENT_COLOR_NAME = AccentColor;
				CODE_SIGN_STYLE = Automatic;
				CURRENT_PROJECT_VERSION = 1;
				DEVELOPMENT_TEAM = A2Z3TZ2R89;
				GENERATE_INFOPLIST_FILE = YES;
				INFOPLIST_FILE = PracticeRxSwift/Info.plist;
				INFOPLIST_KEY_UIApplicationSupportsIndirectInputEvents = YES;
				INFOPLIST_KEY_UILaunchStoryboardName = LaunchScreen;
				INFOPLIST_KEY_UIMainStoryboardFile = Main;
				INFOPLIST_KEY_UISupportedInterfaceOrientations_iPad = "UIInterfaceOrientationPortrait UIInterfaceOrientationPortraitUpsideDown UIInterfaceOrientationLandscapeLeft UIInterfaceOrientationLandscapeRight";
				INFOPLIST_KEY_UISupportedInterfaceOrientations_iPhone = "UIInterfaceOrientationPortrait UIInterfaceOrientationLandscapeLeft UIInterfaceOrientationLandscapeRight";
				LD_RUNPATH_SEARCH_PATHS = (
					"$(inherited)",
					"@executable_path/Frameworks",
				);
				MARKETING_VERSION = 1.0;
				PRODUCT_BUNDLE_IDENTIFIER = lsw.PracticeRxSwift;
				PRODUCT_NAME = "$(TARGET_NAME)";
				SWIFT_EMIT_LOC_STRINGS = YES;
				SWIFT_VERSION = 5.0;
				TARGETED_DEVICE_FAMILY = "1,2";
			};
			name = Debug;
		};
		FB597D1A29D30594006F283D /* Release */ = {
			isa = XCBuildConfiguration;
			buildSettings = {
				ASSETCATALOG_COMPILER_APPICON_NAME = AppIcon;
				ASSETCATALOG_COMPILER_GLOBAL_ACCENT_COLOR_NAME = AccentColor;
				CODE_SIGN_STYLE = Automatic;
				CURRENT_PROJECT_VERSION = 1;
				DEVELOPMENT_TEAM = A2Z3TZ2R89;
				GENERATE_INFOPLIST_FILE = YES;
				INFOPLIST_FILE = PracticeRxSwift/Info.plist;
				INFOPLIST_KEY_UIApplicationSupportsIndirectInputEvents = YES;
				INFOPLIST_KEY_UILaunchStoryboardName = LaunchScreen;
				INFOPLIST_KEY_UIMainStoryboardFile = Main;
				INFOPLIST_KEY_UISupportedInterfaceOrientations_iPad = "UIInterfaceOrientationPortrait UIInterfaceOrientationPortraitUpsideDown UIInterfaceOrientationLandscapeLeft UIInterfaceOrientationLandscapeRight";
				INFOPLIST_KEY_UISupportedInterfaceOrientations_iPhone = "UIInterfaceOrientationPortrait UIInterfaceOrientationLandscapeLeft UIInterfaceOrientationLandscapeRight";
				LD_RUNPATH_SEARCH_PATHS = (
					"$(inherited)",
					"@executable_path/Frameworks",
				);
				MARKETING_VERSION = 1.0;
				PRODUCT_BUNDLE_IDENTIFIER = lsw.PracticeRxSwift;
				PRODUCT_NAME = "$(TARGET_NAME)";
				SWIFT_EMIT_LOC_STRINGS = YES;
				SWIFT_VERSION = 5.0;
				TARGETED_DEVICE_FAMILY = "1,2";
			};
			name = Release;
		};
/* End XCBuildConfiguration section */

/* Begin XCConfigurationList section */
		FB597CFC29D30593006F283D /* Build configuration list for PBXProject "PracticeRxSwift" */ = {
			isa = XCConfigurationList;
			buildConfigurations = (
				FB597D1629D30594006F283D /* Debug */,
				FB597D1729D30594006F283D /* Release */,
			);
			defaultConfigurationIsVisible = 0;
			defaultConfigurationName = Release;
		};
		FB597D1829D30594006F283D /* Build configuration list for PBXNativeTarget "PracticeRxSwift" */ = {
			isa = XCConfigurationList;
			buildConfigurations = (
				FB597D1929D30594006F283D /* Debug */,
				FB597D1A29D30594006F283D /* Release */,
			);
			defaultConfigurationIsVisible = 0;
			defaultConfigurationName = Release;
		};
/* End XCConfigurationList section */

/* Begin XCRemoteSwiftPackageReference section */
		FB597D2229D305D7006F283D /* XCRemoteSwiftPackageReference "RxSwift" */ = {
			isa = XCRemoteSwiftPackageReference;
			repositoryURL = "https://github.com/ReactiveX/RxSwift.git";
			requirement = {
				branch = main;
				kind = branch;
			};
		};
/* End XCRemoteSwiftPackageReference section */

/* Begin XCSwiftPackageProductDependency section */
		FB597D2329D305D7006F283D /* RxCocoa */ = {
			isa = XCSwiftPackageProductDependency;
			package = FB597D2229D305D7006F283D /* XCRemoteSwiftPackageReference "RxSwift" */;
			productName = RxCocoa;
		};
		FB597D2529D305D7006F283D /* RxSwift */ = {
			isa = XCSwiftPackageProductDependency;
			package = FB597D2229D305D7006F283D /* XCRemoteSwiftPackageReference "RxSwift" */;
			productName = RxSwift;
		};
/* End XCSwiftPackageProductDependency section */

/* Begin XCVersionGroup section */
		FB597D0D29D30593006F283D /* PracticeRxSwift.xcdatamodeld */ = {
			isa = XCVersionGroup;
			children = (
				FB597D0E29D30593006F283D /* PracticeRxSwift.xcdatamodel */,
			);
			currentVersion = FB597D0E29D30593006F283D /* PracticeRxSwift.xcdatamodel */;
			path = PracticeRxSwift.xcdatamodeld;
			sourceTree = "<group>";
			versionGroupType = wrapper.xcdatamodel;
		};
/* End XCVersionGroup section */
	};
	rootObject = FB597CF929D30593006F283D /* Project object */;
}
